// !$*UTF8*$!
{
	archiveVersion = 1;
	classes = {
	};
	objectVersion = 77;
	objects = {

/* Begin PBXBuildFile section */
		B53D030F2E5ED193001CFBEB /* WebKit.framework in Frameworks */ = {isa = PBXBuildFile; fileRef = B53D030D2E5ED184001CFBEB /* WebKit.framework */; };
		B5F64B292E6DD04E00E17A6B /* Appwrite in Frameworks */ = {isa = PBXBuildFile; productRef = B5F64B282E6DD04E00E17A6B /* Appwrite */; };
/* End PBXBuildFile section */

/* Begin PBXContainerItemProxy section */
		B58344952E505B6300D8A3C8 /* PBXContainerItemProxy */ = {
			isa = PBXContainerItemProxy;
			containerPortal = B583447D2E505B6200D8A3C8 /* Project object */;
			proxyType = 1;
			remoteGlobalIDString = B58344842E505B6200D8A3C8;
			remoteInfo = Notifs;
		};
		B583449F2E505B6300D8A3C8 /* PBXContainerItemProxy */ = {
			isa = PBXContainerItemProxy;
			containerPortal = B583447D2E505B6200D8A3C8 /* Project object */;
			proxyType = 1;
			remoteGlobalIDString = B58344842E505B6200D8A3C8;
			remoteInfo = Notifs;
		};
/* End PBXContainerItemProxy section */

/* Begin PBXFileReference section */
		B514BC842E601F7800A6B50E /* Station98-Info.plist */ = {isa = PBXFileReference; lastKnownFileType = text.plist; path = "Station98-Info.plist"; sourceTree = "<group>"; };
		B53D030D2E5ED184001CFBEB /* WebKit.framework */ = {isa = PBXFileReference; lastKnownFileType = wrapper.framework; name = WebKit.framework; path = System/Library/Frameworks/WebKit.framework; sourceTree = SDKROOT; };
		B58344852E505B6200D8A3C8 /* Station98.app */ = {isa = PBXFileReference; explicitFileType = wrapper.application; includeInIndex = 0; path = Station98.app; sourceTree = BUILT_PRODUCTS_DIR; };
		B58344942E505B6300D8A3C8 /* Station98Tests.xctest */ = {isa = PBXFileReference; explicitFileType = wrapper.cfbundle; includeInIndex = 0; path = Station98Tests.xctest; sourceTree = BUILT_PRODUCTS_DIR; };
		B583449E2E505B6300D8A3C8 /* Station98UITests.xctest */ = {isa = PBXFileReference; explicitFileType = wrapper.cfbundle; includeInIndex = 0; path = Station98UITests.xctest; sourceTree = BUILT_PRODUCTS_DIR; };
/* End PBXFileReference section */

/* Begin PBXFileSystemSynchronizedRootGroup section */
		B58344872E505B6200D8A3C8 /* Notifs */ = {
			isa = PBXFileSystemSynchronizedRootGroup;
			path = Notifs;
			sourceTree = "<group>";
		};
		B58344972E505B6300D8A3C8 /* NotifsTests */ = {
			isa = PBXFileSystemSynchronizedRootGroup;
			path = NotifsTests;
			sourceTree = "<group>";
		};
		B58344A12E505B6300D8A3C8 /* NotifsUITests */ = {
			isa = PBXFileSystemSynchronizedRootGroup;
			path = NotifsUITests;
			sourceTree = "<group>";
		};
/* End PBXFileSystemSynchronizedRootGroup section */

/* Begin PBXFrameworksBuildPhase section */
		B58344822E505B6200D8A3C8 /* Frameworks */ = {
			isa = PBXFrameworksBuildPhase;
			buildActionMask = 2147483647;
			files = (
				B5F64B292E6DD04E00E17A6B /* Appwrite in Frameworks */,
				B53D030F2E5ED193001CFBEB /* WebKit.framework in Frameworks */,
			);
			runOnlyForDeploymentPostprocessing = 0;
		};
		B58344912E505B6300D8A3C8 /* Frameworks */ = {
			isa = PBXFrameworksBuildPhase;
			buildActionMask = 2147483647;
			files = (
			);
			runOnlyForDeploymentPostprocessing = 0;
		};
		B583449B2E505B6300D8A3C8 /* Frameworks */ = {
			isa = PBXFrameworksBuildPhase;
			buildActionMask = 2147483647;
			files = (
			);
			runOnlyForDeploymentPostprocessing = 0;
		};
/* End PBXFrameworksBuildPhase section */

/* Begin PBXGroup section */
		B53D030C2E5ED184001CFBEB /* Frameworks */ = {
			isa = PBXGroup;
			children = (
				B53D030D2E5ED184001CFBEB /* WebKit.framework */,
			);
			name = Frameworks;
			sourceTree = "<group>";
		};
		B583447C2E505B6200D8A3C8 = {
			isa = PBXGroup;
			children = (
				B514BC842E601F7800A6B50E /* Station98-Info.plist */,
				B58344872E505B6200D8A3C8 /* Notifs */,
				B58344972E505B6300D8A3C8 /* NotifsTests */,
				B58344A12E505B6300D8A3C8 /* NotifsUITests */,
				B53D030C2E5ED184001CFBEB /* Frameworks */,
				B58344862E505B6200D8A3C8 /* Products */,
			);
			sourceTree = "<group>";
		};
		B58344862E505B6200D8A3C8 /* Products */ = {
			isa = PBXGroup;
			children = (
				B58344852E505B6200D8A3C8 /* Station98.app */,
				B58344942E505B6300D8A3C8 /* Station98Tests.xctest */,
				B583449E2E505B6300D8A3C8 /* Station98UITests.xctest */,
			);
			name = Products;
			sourceTree = "<group>";
		};
/* End PBXGroup section */

/* Begin PBXNativeTarget section */
		B58344842E505B6200D8A3C8 /* Station98 */ = {
			isa = PBXNativeTarget;
			buildConfigurationList = B58344A82E505B6300D8A3C8 /* Build configuration list for PBXNativeTarget "Station98" */;
			buildPhases = (
				B58344812E505B6200D8A3C8 /* Sources */,
				B58344822E505B6200D8A3C8 /* Frameworks */,
				B58344832E505B6200D8A3C8 /* Resources */,
			);
			buildRules = (
			);
			dependencies = (
			);
			fileSystemSynchronizedGroups = (
				B58344872E505B6200D8A3C8 /* Notifs */,
			);
			name = Station98;
			packageProductDependencies = (
				B5F64B282E6DD04E00E17A6B /* Appwrite */,
			);
			productName = Notifs;
			productReference = B58344852E505B6200D8A3C8 /* Station98.app */;
			productType = "com.apple.product-type.application";
		};
		B58344932E505B6300D8A3C8 /* Station98Tests */ = {
			isa = PBXNativeTarget;
			buildConfigurationList = B58344AB2E505B6300D8A3C8 /* Build configuration list for PBXNativeTarget "Station98Tests" */;
			buildPhases = (
				B58344902E505B6300D8A3C8 /* Sources */,
				B58344912E505B6300D8A3C8 /* Frameworks */,
				B58344922E505B6300D8A3C8 /* Resources */,
			);
			buildRules = (
			);
			dependencies = (
				B58344962E505B6300D8A3C8 /* PBXTargetDependency */,
			);
			fileSystemSynchronizedGroups = (
				B58344972E505B6300D8A3C8 /* NotifsTests */,
			);
			name = Station98Tests;
			packageProductDependencies = (
			);
			productName = NotifsTests;
			productReference = B58344942E505B6300D8A3C8 /* Station98Tests.xctest */;
			productType = "com.apple.product-type.bundle.unit-test";
		};
		B583449D2E505B6300D8A3C8 /* Station98UITests */ = {
			isa = PBXNativeTarget;
			buildConfigurationList = B58344AE2E505B6300D8A3C8 /* Build configuration list for PBXNativeTarget "Station98UITests" */;
			buildPhases = (
				B583449A2E505B6300D8A3C8 /* Sources */,
				B583449B2E505B6300D8A3C8 /* Frameworks */,
				B583449C2E505B6300D8A3C8 /* Resources */,
			);
			buildRules = (
			);
			dependencies = (
				B58344A02E505B6300D8A3C8 /* PBXTargetDependency */,
			);
			fileSystemSynchronizedGroups = (
				B58344A12E505B6300D8A3C8 /* NotifsUITests */,
			);
			name = Station98UITests;
			packageProductDependencies = (
			);
			productName = NotifsUITests;
			productReference = B583449E2E505B6300D8A3C8 /* Station98UITests.xctest */;
			productType = "com.apple.product-type.bundle.ui-testing";
		};
/* End PBXNativeTarget section */

/* Begin PBXProject section */
		B583447D2E505B6200D8A3C8 /* Project object */ = {
			isa = PBXProject;
			attributes = {
				BuildIndependentTargetsInParallel = 1;
				LastSwiftUpdateCheck = 1640;
				LastUpgradeCheck = 1640;
				TargetAttributes = {
					B58344842E505B6200D8A3C8 = {
						CreatedOnToolsVersion = 16.4;
					};
					B58344932E505B6300D8A3C8 = {
						CreatedOnToolsVersion = 16.4;
						TestTargetID = B58344842E505B6200D8A3C8;
					};
					B583449D2E505B6300D8A3C8 = {
						CreatedOnToolsVersion = 16.4;
						TestTargetID = B58344842E505B6200D8A3C8;
					};
				};
			};
			buildConfigurationList = B58344802E505B6200D8A3C8 /* Build configuration list for PBXProject "Station98" */;
			developmentRegion = en;
			hasScannedForEncodings = 0;
			knownRegions = (
				en,
				Base,
			);
			mainGroup = B583447C2E505B6200D8A3C8;
			minimizedProjectReferenceProxies = 1;
			packageReferences = (
				B5F64B272E6DD04E00E17A6B /* XCRemoteSwiftPackageReference "sdk-for-apple" */,
			);
			preferredProjectObjectVersion = 77;
			productRefGroup = B58344862E505B6200D8A3C8 /* Products */;
			projectDirPath = "";
			projectRoot = "";
			targets = (
				B58344842E505B6200D8A3C8 /* Station98 */,
				B58344932E505B6300D8A3C8 /* Station98Tests */,
				B583449D2E505B6300D8A3C8 /* Station98UITests */,
			);
		};
/* End PBXProject section */

/* Begin PBXResourcesBuildPhase section */
		B58344832E505B6200D8A3C8 /* Resources */ = {
			isa = PBXResourcesBuildPhase;
			buildActionMask = 2147483647;
			files = (
			);
			runOnlyForDeploymentPostprocessing = 0;
		};
		B58344922E505B6300D8A3C8 /* Resources */ = {
			isa = PBXResourcesBuildPhase;
			buildActionMask = 2147483647;
			files = (
			);
			runOnlyForDeploymentPostprocessing = 0;
		};
		B583449C2E505B6300D8A3C8 /* Resources */ = {
			isa = PBXResourcesBuildPhase;
			buildActionMask = 2147483647;
			files = (
			);
			runOnlyForDeploymentPostprocessing = 0;
		};
/* End PBXResourcesBuildPhase section */

/* Begin PBXSourcesBuildPhase section */
		B58344812E505B6200D8A3C8 /* Sources */ = {
			isa = PBXSourcesBuildPhase;
			buildActionMask = 2147483647;
			files = (
			);
			runOnlyForDeploymentPostprocessing = 0;
		};
		B58344902E505B6300D8A3C8 /* Sources */ = {
			isa = PBXSourcesBuildPhase;
			buildActionMask = 2147483647;
			files = (
			);
			runOnlyForDeploymentPostprocessing = 0;
		};
		B583449A2E505B6300D8A3C8 /* Sources */ = {
			isa = PBXSourcesBuildPhase;
			buildActionMask = 2147483647;
			files = (
			);
			runOnlyForDeploymentPostprocessing = 0;
		};
/* End PBXSourcesBuildPhase section */

/* Begin PBXTargetDependency section */
		B58344962E505B6300D8A3C8 /* PBXTargetDependency */ = {
			isa = PBXTargetDependency;
			target = B58344842E505B6200D8A3C8 /* Station98 */;
			targetProxy = B58344952E505B6300D8A3C8 /* PBXContainerItemProxy */;
		};
		B58344A02E505B6300D8A3C8 /* PBXTargetDependency */ = {
			isa = PBXTargetDependency;
			target = B58344842E505B6200D8A3C8 /* Station98 */;
			targetProxy = B583449F2E505B6300D8A3C8 /* PBXContainerItemProxy */;
		};
/* End PBXTargetDependency section */

/* Begin XCBuildConfiguration section */
		B58344A62E505B6300D8A3C8 /* Debug */ = {
			isa = XCBuildConfiguration;
			buildSettings = {
				ALWAYS_SEARCH_USER_PATHS = NO;
				ASSETCATALOG_COMPILER_GENERATE_SWIFT_ASSET_SYMBOL_EXTENSIONS = YES;
				CLANG_ANALYZER_NONNULL = YES;
				CLANG_ANALYZER_NUMBER_OBJECT_CONVERSION = YES_AGGRESSIVE;
				CLANG_CXX_LANGUAGE_STANDARD = "gnu++20";
				CLANG_ENABLE_MODULES = YES;
				CLANG_ENABLE_OBJC_ARC = YES;
				CLANG_ENABLE_OBJC_WEAK = YES;
				CLANG_WARN_BLOCK_CAPTURE_AUTORELEASING = YES;
				CLANG_WARN_BOOL_CONVERSION = YES;
				CLANG_WARN_COMMA = YES;
				CLANG_WARN_CONSTANT_CONVERSION = YES;
				CLANG_WARN_DEPRECATED_OBJC_IMPLEMENTATIONS = YES;
				CLANG_WARN_DIRECT_OBJC_ISA_USAGE = YES_ERROR;
				CLANG_WARN_DOCUMENTATION_COMMENTS = YES;
				CLANG_WARN_EMPTY_BODY = YES;
				CLANG_WARN_ENUM_CONVERSION = YES;
				CLANG_WARN_INFINITE_RECURSION = YES;
				CLANG_WARN_INT_CONVERSION = YES;
				CLANG_WARN_NON_LITERAL_NULL_CONVERSION = YES;
				CLANG_WARN_OBJC_IMPLICIT_RETAIN_SELF = YES;
				CLANG_WARN_OBJC_LITERAL_CONVERSION = YES;
				CLANG_WARN_OBJC_ROOT_CLASS = YES_ERROR;
				CLANG_WARN_QUOTED_INCLUDE_IN_FRAMEWORK_HEADER = YES;
				CLANG_WARN_RANGE_LOOP_ANALYSIS = YES;
				CLANG_WARN_STRICT_PROTOTYPES = YES;
				CLANG_WARN_SUSPICIOUS_MOVE = YES;
				CLANG_WARN_UNGUARDED_AVAILABILITY = YES_AGGRESSIVE;
				CLANG_WARN_UNREACHABLE_CODE = YES;
				CLANG_WARN__DUPLICATE_METHOD_MATCH = YES;
				COPY_PHASE_STRIP = NO;
				DEBUG_INFORMATION_FORMAT = dwarf;
				DEVELOPMENT_TEAM = NDP87SHHDT;
				ENABLE_STRICT_OBJC_MSGSEND = YES;
				ENABLE_TESTABILITY = YES;
				ENABLE_USER_SCRIPT_SANDBOXING = YES;
				GCC_C_LANGUAGE_STANDARD = gnu17;
				GCC_DYNAMIC_NO_PIC = NO;
				GCC_NO_COMMON_BLOCKS = YES;
				GCC_OPTIMIZATION_LEVEL = 0;
				GCC_PREPROCESSOR_DEFINITIONS = (
					"DEBUG=1",
					"$(inherited)",
				);
				GCC_WARN_64_TO_32_BIT_CONVERSION = YES;
				GCC_WARN_ABOUT_RETURN_TYPE = YES_ERROR;
				GCC_WARN_UNDECLARED_SELECTOR = YES;
				GCC_WARN_UNINITIALIZED_AUTOS = YES_AGGRESSIVE;
				GCC_WARN_UNUSED_FUNCTION = YES;
				GCC_WARN_UNUSED_VARIABLE = YES;
				IPHONEOS_DEPLOYMENT_TARGET = 18.5;
				LOCALIZATION_PREFERS_STRING_CATALOGS = YES;
				MTL_ENABLE_DEBUG_INFO = INCLUDE_SOURCE;
				MTL_FAST_MATH = YES;
				ONLY_ACTIVE_ARCH = YES;
				SDKROOT = iphoneos;
				SWIFT_ACTIVE_COMPILATION_CONDITIONS = "DEBUG $(inherited)";
				SWIFT_OPTIMIZATION_LEVEL = "-Onone";
			};
			name = Debug;
		};
		B58344A72E505B6300D8A3C8 /* Release */ = {
			isa = XCBuildConfiguration;
			buildSettings = {
				ALWAYS_SEARCH_USER_PATHS = NO;
				ASSETCATALOG_COMPILER_GENERATE_SWIFT_ASSET_SYMBOL_EXTENSIONS = YES;
				CLANG_ANALYZER_NONNULL = YES;
				CLANG_ANALYZER_NUMBER_OBJECT_CONVERSION = YES_AGGRESSIVE;
				CLANG_CXX_LANGUAGE_STANDARD = "gnu++20";
				CLANG_ENABLE_MODULES = YES;
				CLANG_ENABLE_OBJC_ARC = YES;
				CLANG_ENABLE_OBJC_WEAK = YES;
				CLANG_WARN_BLOCK_CAPTURE_AUTORELEASING = YES;
				CLANG_WARN_BOOL_CONVERSION = YES;
				CLANG_WARN_COMMA = YES;
				CLANG_WARN_CONSTANT_CONVERSION = YES;
				CLANG_WARN_DEPRECATED_OBJC_IMPLEMENTATIONS = YES;
				CLANG_WARN_DIRECT_OBJC_ISA_USAGE = YES_ERROR;
				CLANG_WARN_DOCUMENTATION_COMMENTS = YES;
				CLANG_WARN_EMPTY_BODY = YES;
				CLANG_WARN_ENUM_CONVERSION = YES;
				CLANG_WARN_INFINITE_RECURSION = YES;
				CLANG_WARN_INT_CONVERSION = YES;
				CLANG_WARN_NON_LITERAL_NULL_CONVERSION = YES;
				CLANG_WARN_OBJC_IMPLICIT_RETAIN_SELF = YES;
				CLANG_WARN_OBJC_LITERAL_CONVERSION = YES;
				CLANG_WARN_OBJC_ROOT_CLASS = YES_ERROR;
				CLANG_WARN_QUOTED_INCLUDE_IN_FRAMEWORK_HEADER = YES;
				CLANG_WARN_RANGE_LOOP_ANALYSIS = YES;
				CLANG_WARN_STRICT_PROTOTYPES = YES;
				CLANG_WARN_SUSPICIOUS_MOVE = YES;
				CLANG_WARN_UNGUARDED_AVAILABILITY = YES_AGGRESSIVE;
				CLANG_WARN_UNREACHABLE_CODE = YES;
				CLANG_WARN__DUPLICATE_METHOD_MATCH = YES;
				COPY_PHASE_STRIP = NO;
				DEBUG_INFORMATION_FORMAT = "dwarf-with-dsym";
				DEVELOPMENT_TEAM = NDP87SHHDT;
				ENABLE_NS_ASSERTIONS = NO;
				ENABLE_STRICT_OBJC_MSGSEND = YES;
				ENABLE_USER_SCRIPT_SANDBOXING = YES;
				GCC_C_LANGUAGE_STANDARD = gnu17;
				GCC_NO_COMMON_BLOCKS = YES;
				GCC_WARN_64_TO_32_BIT_CONVERSION = YES;
				GCC_WARN_ABOUT_RETURN_TYPE = YES_ERROR;
				GCC_WARN_UNDECLARED_SELECTOR = YES;
				GCC_WARN_UNINITIALIZED_AUTOS = YES_AGGRESSIVE;
				GCC_WARN_UNUSED_FUNCTION = YES;
				GCC_WARN_UNUSED_VARIABLE = YES;
				IPHONEOS_DEPLOYMENT_TARGET = 18.5;
				LOCALIZATION_PREFERS_STRING_CATALOGS = YES;
				MTL_ENABLE_DEBUG_INFO = NO;
				MTL_FAST_MATH = YES;
				SDKROOT = iphoneos;
				SWIFT_COMPILATION_MODE = wholemodule;
				VALIDATE_PRODUCT = YES;
			};
			name = Release;
		};
		B58344A92E505B6300D8A3C8 /* Debug */ = {
			isa = XCBuildConfiguration;
			buildSettings = {
				ASSETCATALOG_COMPILER_APPICON_NAME = AppIcon;
				ASSETCATALOG_COMPILER_GLOBAL_ACCENT_COLOR_NAME = AccentColor;
				CODE_SIGN_STYLE = Automatic;
				CURRENT_PROJECT_VERSION = 1;
				DEVELOPMENT_TEAM = NDP87SHHDT;
				ENABLE_PREVIEWS = YES;
				GENERATE_INFOPLIST_FILE = YES;
				INFOPLIST_FILE = "Station98-Info.plist";
				INFOPLIST_KEY_NSCalendarsUsageDescription = "";
				INFOPLIST_KEY_UIApplicationSceneManifest_Generation = YES;
				INFOPLIST_KEY_UIApplicationSupportsIndirectInputEvents = YES;
				INFOPLIST_KEY_UILaunchScreen_Generation = YES;
				INFOPLIST_KEY_UISupportedInterfaceOrientations_iPad = "UIInterfaceOrientationPortrait UIInterfaceOrientationPortraitUpsideDown UIInterfaceOrientationLandscapeLeft UIInterfaceOrientationLandscapeRight";
				INFOPLIST_KEY_UISupportedInterfaceOrientations_iPhone = "UIInterfaceOrientationPortrait UIInterfaceOrientationLandscapeLeft UIInterfaceOrientationLandscapeRight";
				LD_RUNPATH_SEARCH_PATHS = (
					"$(inherited)",
					"@executable_path/Frameworks",
				);
				MARKETING_VERSION = 1.0;
				PRODUCT_BUNDLE_IDENTIFIER = fromscroobles.Station98;
				PRODUCT_NAME = "$(TARGET_NAME)";
				SWIFT_EMIT_LOC_STRINGS = YES;
				SWIFT_VERSION = 5.0;
				TARGETED_DEVICE_FAMILY = "1,2";
			};
			name = Debug;
		};
		B58344AA2E505B6300D8A3C8 /* Release */ = {
			isa = XCBuildConfiguration;
			buildSettings = {
				ASSETCATALOG_COMPILER_APPICON_NAME = AppIcon;
				ASSETCATALOG_COMPILER_GLOBAL_ACCENT_COLOR_NAME = AccentColor;
				CODE_SIGN_STYLE = Automatic;
				CURRENT_PROJECT_VERSION = 1;
				DEVELOPMENT_TEAM = NDP87SHHDT;
				ENABLE_PREVIEWS = YES;
				GENERATE_INFOPLIST_FILE = YES;
				INFOPLIST_FILE = "Station98-Info.plist";
				INFOPLIST_KEY_NSCalendarsUsageDescription = "";
				INFOPLIST_KEY_UIApplicationSceneManifest_Generation = YES;
				INFOPLIST_KEY_UIApplicationSupportsIndirectInputEvents = YES;
				INFOPLIST_KEY_UILaunchScreen_Generation = YES;
				INFOPLIST_KEY_UISupportedInterfaceOrientations_iPad = "UIInterfaceOrientationPortrait UIInterfaceOrientationPortraitUpsideDown UIInterfaceOrientationLandscapeLeft UIInterfaceOrientationLandscapeRight";
				INFOPLIST_KEY_UISupportedInterfaceOrientations_iPhone = "UIInterfaceOrientationPortrait UIInterfaceOrientationLandscapeLeft UIInterfaceOrientationLandscapeRight";
				LD_RUNPATH_SEARCH_PATHS = (
					"$(inherited)",
					"@executable_path/Frameworks",
				);
				MARKETING_VERSION = 1.0;
				PRODUCT_BUNDLE_IDENTIFIER = fromscroobles.Station98;
				PRODUCT_NAME = "$(TARGET_NAME)";
				SWIFT_EMIT_LOC_STRINGS = YES;
				SWIFT_VERSION = 5.0;
				TARGETED_DEVICE_FAMILY = "1,2";
			};
			name = Release;
		};
		B58344AC2E505B6300D8A3C8 /* Debug */ = {
			isa = XCBuildConfiguration;
			buildSettings = {
				BUNDLE_LOADER = "$(TEST_HOST)";
				CODE_SIGN_STYLE = Automatic;
				CURRENT_PROJECT_VERSION = 1;
				DEVELOPMENT_TEAM = NDP87SHHDT;
				GENERATE_INFOPLIST_FILE = YES;
				IPHONEOS_DEPLOYMENT_TARGET = 18.5;
				MARKETING_VERSION = 1.0;
				PRODUCT_BUNDLE_IDENTIFIER = fromscroobles.NotifsTests;
				PRODUCT_NAME = "$(TARGET_NAME)";
				SWIFT_EMIT_LOC_STRINGS = NO;
				SWIFT_VERSION = 5.0;
				TARGETED_DEVICE_FAMILY = "1,2";
				TEST_HOST = "$(BUILT_PRODUCTS_DIR)/Station98.app/$(BUNDLE_EXECUTABLE_FOLDER_PATH)/Station98";
			};
			name = Debug;
		};
		B58344AD2E505B6300D8A3C8 /* Release */ = {
			isa = XCBuildConfiguration;
			buildSettings = {
				BUNDLE_LOADER = "$(TEST_HOST)";
				CODE_SIGN_STYLE = Automatic;
				CURRENT_PROJECT_VERSION = 1;
				DEVELOPMENT_TEAM = NDP87SHHDT;
				GENERATE_INFOPLIST_FILE = YES;
				IPHONEOS_DEPLOYMENT_TARGET = 18.5;
				MARKETING_VERSION = 1.0;
				PRODUCT_BUNDLE_IDENTIFIER = fromscroobles.NotifsTests;
				PRODUCT_NAME = "$(TARGET_NAME)";
				SWIFT_EMIT_LOC_STRINGS = NO;
				SWIFT_VERSION = 5.0;
				TARGETED_DEVICE_FAMILY = "1,2";
				TEST_HOST = "$(BUILT_PRODUCTS_DIR)/Station98.app/$(BUNDLE_EXECUTABLE_FOLDER_PATH)/Station98";
			};
			name = Release;
		};
		B58344AF2E505B6300D8A3C8 /* Debug */ = {
			isa = XCBuildConfiguration;
			buildSettings = {
				CODE_SIGN_STYLE = Automatic;
				CURRENT_PROJECT_VERSION = 1;
				DEVELOPMENT_TEAM = NDP87SHHDT;
				GENERATE_INFOPLIST_FILE = YES;
				MARKETING_VERSION = 1.0;
				PRODUCT_BUNDLE_IDENTIFIER = fromscroobles.NotifsUITests;
				PRODUCT_NAME = "$(TARGET_NAME)";
				SWIFT_EMIT_LOC_STRINGS = NO;
				SWIFT_VERSION = 5.0;
				TARGETED_DEVICE_FAMILY = "1,2";
				TEST_TARGET_NAME = Notifs;
			};
			name = Debug;
		};
		B58344B02E505B6300D8A3C8 /* Release */ = {
			isa = XCBuildConfiguration;
			buildSettings = {
				CODE_SIGN_STYLE = Automatic;
				CURRENT_PROJECT_VERSION = 1;
				DEVELOPMENT_TEAM = NDP87SHHDT;
				GENERATE_INFOPLIST_FILE = YES;
				MARKETING_VERSION = 1.0;
				PRODUCT_BUNDLE_IDENTIFIER = fromscroobles.NotifsUITests;
				PRODUCT_NAME = "$(TARGET_NAME)";
				SWIFT_EMIT_LOC_STRINGS = NO;
				SWIFT_VERSION = 5.0;
				TARGETED_DEVICE_FAMILY = "1,2";
				TEST_TARGET_NAME = Notifs;
			};
			name = Release;
		};
/* End XCBuildConfiguration section */

/* Begin XCConfigurationList section */
		B58344802E505B6200D8A3C8 /* Build configuration list for PBXProject "Station98" */ = {
			isa = XCConfigurationList;
			buildConfigurations = (
				B58344A62E505B6300D8A3C8 /* Debug */,
				B58344A72E505B6300D8A3C8 /* Release */,
			);
			defaultConfigurationIsVisible = 0;
			defaultConfigurationName = Release;
		};
		B58344A82E505B6300D8A3C8 /* Build configuration list for PBXNativeTarget "Station98" */ = {
			isa = XCConfigurationList;
			buildConfigurations = (
				B58344A92E505B6300D8A3C8 /* Debug */,
				B58344AA2E505B6300D8A3C8 /* Release */,
			);
			defaultConfigurationIsVisible = 0;
			defaultConfigurationName = Release;
		};
		B58344AB2E505B6300D8A3C8 /* Build configuration list for PBXNativeTarget "Station98Tests" */ = {
			isa = XCConfigurationList;
			buildConfigurations = (
				B58344AC2E505B6300D8A3C8 /* Debug */,
				B58344AD2E505B6300D8A3C8 /* Release */,
			);
			defaultConfigurationIsVisible = 0;
			defaultConfigurationName = Release;
		};
		B58344AE2E505B6300D8A3C8 /* Build configuration list for PBXNativeTarget "Station98UITests" */ = {
			isa = XCConfigurationList;
			buildConfigurations = (
				B58344AF2E505B6300D8A3C8 /* Debug */,
				B58344B02E505B6300D8A3C8 /* Release */,
			);
			defaultConfigurationIsVisible = 0;
			defaultConfigurationName = Release;
		};
/* End XCConfigurationList section */

/* Begin XCRemoteSwiftPackageReference section */
		B5F64B272E6DD04E00E17A6B /* XCRemoteSwiftPackageReference "sdk-for-apple" */ = {
			isa = XCRemoteSwiftPackageReference;
			repositoryURL = "https://github.com/appwrite/sdk-for-apple";
			requirement = {
				kind = upToNextMajorVersion;
				minimumVersion = 11.0.0;
			};
		};
/* End XCRemoteSwiftPackageReference section */

/* Begin XCSwiftPackageProductDependency section */
		B5F64B282E6DD04E00E17A6B /* Appwrite */ = {
			isa = XCSwiftPackageProductDependency;
			package = B5F64B272E6DD04E00E17A6B /* XCRemoteSwiftPackageReference "sdk-for-apple" */;
			productName = Appwrite;
		};
/* End XCSwiftPackageProductDependency section */
	};
	rootObject = B583447D2E505B6200D8A3C8 /* Project object */;
}
